<?xml version="1.0" encoding="utf-8"?>
<Project ToolsVersion="4.0" xmlns="http://schemas.microsoft.com/developer/msbuild/2003">
  <ItemGroup>
    <Filter Include="Source Files">
      <UniqueIdentifier>{4FC737F1-C7A5-4376-A066-2A32D752A2FF}</UniqueIdentifier>
      <Extensions>cpp;c;cc;cxx;c++;cppm;ixx;def;odl;idl;hpj;bat;asm;asmx</Extensions>
    </Filter>
    <Filter Include="Header Files">
      <UniqueIdentifier>{93995380-89BD-4b04-88EB-625FBE52EBFB}</UniqueIdentifier>
      <Extensions>h;hh;hpp;hxx;h++;hm;inl;inc;ipp;xsd</Extensions>
    </Filter>
    <Filter Include="Resource Files">
      <UniqueIdentifier>{67DA6AB6-F800-4c08-8B7A-83BB121AAD01}</UniqueIdentifier>
      <Extensions>rc;ico;cur;bmp;dlg;rc2;rct;bin;rgs;gif;jpg;jpeg;jpe;resx;tiff;tif;png;wav;mfcribbon-ms</Extensions>
    </Filter>
    <Filter Include="Other Files">
      <UniqueIdentifier>{ad9cbb9f-d2c9-45a9-a332-47424493161a}</UniqueIdentifier>
    </Filter>
  </ItemGroup>
  <ItemGroup>
    <ClInclude Include="Resource.h">
      <Filter>Header Files</Filter>
    </ClInclude>
    <ClInclude Include="gp_parser.h">
      <Filter>Header Files</Filter>
    </ClInclude>
    <ClInclude Include="Settings.h">
      <Filter>Header Files</Filter>
    </ClInclude>
    <ClInclude Include="Hotkey_Manager.h">
      <Filter>Header Files</Filter>
    </ClInclude>
    <ClInclude Include="Control_Trackbar_Zoom.h">
      <Filter>Header Files</Filter>
    </ClInclude>
    <ClInclude Include="Control_DropDown.h">
      <Filter>Header Files</Filter>
    </ClInclude>
    <ClInclude Include="MIDI_Writer.h">
      <Filter>Header Files</Filter>
    </ClInclude>
    <ClInclude Include="Widget_Fade_Options.h">
      <Filter>Header Files</Filter>
    </ClInclude>
    <ClInclude Include="Control_ColorPreset.h">
      <Filter>Header Files</Filter>
    </ClInclude>
    <ClInclude Include="Control_ColorPicker.h">
      <Filter>Header Files</Filter>
    </ClInclude>
    <ClInclude Include="Control_ColorSlider.h">
      <Filter>Header Files</Filter>
    </ClInclude>
    <ClInclude Include="Widget_Length_Options.h">
      <Filter>Header Files</Filter>
    </ClInclude>
    <ClInclude Include="Widget_Color_Options.h">
      <Filter>Header Files</Filter>
    </ClInclude>
    <ClInclude Include="Widget_Bucket_Options.h">
      <Filter>Header Files</Filter>
    </ClInclude>
    <ClInclude Include="Control_ScrollBar.h">
      <Filter>Header Files</Filter>
    </ClInclude>
    <ClInclude Include="Widget_Timeline.h">
      <Filter>Header Files</Filter>
    </ClInclude>
    <ClInclude Include="Widget_Timeline_Tools.h">
      <Filter>Header Files</Filter>
    </ClInclude>
    <ClInclude Include="Widget_Timeline_Common.h">
      <Filter>Header Files</Filter>
    </ClInclude>
    <ClInclude Include="Timeline_Performance_Metrics.h">
      <Filter>Header Files</Filter>
    </ClInclude>
    <ClInclude Include="Theme_Manager.h">
      <Filter>Header Files</Filter>
    </ClInclude>
    <ClInclude Include="Custom_Color_Table.h">
      <Filter>Header Files</Filter>
    </ClInclude>
    <ClInclude Include="Widget_Draw_Options.h">
      <Filter>Header Files</Filter>
    </ClInclude>
    <ClInclude Include="Widget_Tab_Info.h">
      <Filter>Header Files</Filter>
    </ClInclude>
    <ClInclude Include="Widget_Toolbar.h">
      <Filter>Header Files</Filter>
    </ClInclude>
    <ClInclude Include="Widget_Tools_And_Control.h">
      <Filter>Header Files</Filter>
    </ClInclude>
    <ClInclude Include="Form_Settings_MIDI.h">
      <Filter>Header Files</Filter>
    </ClInclude>
    <ClInclude Include="Form_Settings_Hotkeys.h">
      <Filter>Header Files</Filter>
    </ClInclude>
    <ClInclude Include="Form_Main.h">
      <Filter>Header Files</Filter>
    </ClInclude>
    <ClInclude Include="Control_DataGrid.h">
      <Filter>Header Files</Filter>
    </ClInclude>
    <ClInclude Include="Widget_Timeline_Classes.h">
      <Filter>Header Files</Filter>
    </ClInclude>
    <ClInclude Include="Control_FadePreview.h">
      <Filter>Header Files</Filter>
    </ClInclude>
    <ClInclude Include="Widget_Strobe_Options.h">
      <Filter>Header Files</Filter>
    </ClInclude>
    <ClInclude Include="Widget_Pointer_Options.h">
      <Filter>Header Files</Filter>
    </ClInclude>
    <ClInclude Include="Control_GroupBox.h">
      <Filter>Header Files</Filter>
    </ClInclude>
    <ClInclude Include="Timeline_Direct2DRenderer_Native.h">
      <Filter>Header Files</Filter>
    </ClInclude>
    <ClInclude Include="Timeline_Direct2DRenderer.h">
      <Filter>Header Files</Filter>
    </ClInclude>
    <ClInclude Include="Timeline_Tool_Interface.h">
      <Filter>Header Files</Filter>
    </ClInclude>
    <ClInclude Include="Performance_Monitor.h">
      <Filter>Header Files</Filter>
    </ClInclude>
    <ClInclude Include="MIDI_Exporter.h">
      <Filter>Header Files</Filter>
    </ClInclude>
    <ClInclude Include="Timeline_Command_Manager.h">
      <Filter>Header Files</Filter>
    </ClInclude>
    <ClInclude Include="Form_Loading.h">
      <Filter>Header Files</Filter>
    </ClInclude>
    <ClInclude Include="Control_ProgressBar.h">
      <Filter>Header Files</Filter>
    </ClInclude>
  </ItemGroup>
  <ItemGroup>
    <ClCompile Include="MIDI_Light_Drawer.cpp">
      <Filter>Source Files</Filter>
    </ClCompile>
    <ClCompile Include="AssemblyInfo.cpp">
      <Filter>Source Files</Filter>
    </ClCompile>
    <ClCompile Include="Form_Main.cpp">
      <Filter>Source Files</Filter>
    </ClCompile>
    <ClCompile Include="gp_parser.cpp">
      <Filter>Source Files</Filter>
    </ClCompile>
    <ClCompile Include="Widget_Tab_Info.cpp">
      <Filter>Source Files</Filter>
    </ClCompile>
    <ClCompile Include="Widget_Tools_And_Control.cpp">
      <Filter>Source Files</Filter>
    </ClCompile>
    <ClCompile Include="Widget_Toolbar.cpp">
      <Filter>Source Files</Filter>
    </ClCompile>
    <ClCompile Include="Widget_Draw_Options.cpp">
      <Filter>Source Files</Filter>
    </ClCompile>
    <ClCompile Include="Settings.cpp">
      <Filter>Source Files</Filter>
    </ClCompile>
    <ClCompile Include="Form_Settings_Hotkeys.cpp">
      <Filter>Source Files</Filter>
    </ClCompile>
    <ClCompile Include="Form_Settings_MIDI.cpp">
      <Filter>Source Files</Filter>
    </ClCompile>
    <ClCompile Include="Hotkey_Manager.cpp">
      <Filter>Source Files</Filter>
    </ClCompile>
    <ClCompile Include="Control_Trackbar_Zoom.cpp">
      <Filter>Source Files</Filter>
    </ClCompile>
    <ClCompile Include="Control_DropDown.cpp">
      <Filter>Source Files</Filter>
    </ClCompile>
    <ClCompile Include="MIDI_Writer.cpp">
      <Filter>Source Files</Filter>
    </ClCompile>
    <ClCompile Include="Widget_Fade_Options.cpp">
      <Filter>Source Files</Filter>
    </ClCompile>
    <ClCompile Include="Control_ColorPreset.cpp">
      <Filter>Source Files</Filter>
    </ClCompile>
    <ClCompile Include="Control_ColorPicker.cpp">
      <Filter>Source Files</Filter>
    </ClCompile>
    <ClCompile Include="Control_ColorSlider.cpp">
      <Filter>Source Files</Filter>
    </ClCompile>
    <ClCompile Include="Widget_Length_Options.cpp">
      <Filter>Source Files</Filter>
    </ClCompile>
    <ClCompile Include="Widget_Color_Options.cpp">
      <Filter>Source Files</Filter>
    </ClCompile>
    <ClCompile Include="Widget_Bucket_Options.cpp">
      <Filter>Source Files</Filter>
    </ClCompile>
    <ClCompile Include="Control_ScrollBar.cpp">
      <Filter>Source Files</Filter>
    </ClCompile>
    <ClCompile Include="Widget_Timeline.cpp">
      <Filter>Source Files</Filter>
    </ClCompile>
    <ClCompile Include="Widget_Timeline_Tools.cpp">
      <Filter>Source Files</Filter>
    </ClCompile>
    <ClCompile Include="Timeline_Performance_Metrics.cpp">
      <Filter>Source Files</Filter>
    </ClCompile>
    <ClCompile Include="Theme_Manager.cpp">
      <Filter>Source Files</Filter>
    </ClCompile>
    <ClCompile Include="Widget_Timeline_Classes.cpp">
      <Filter>Source Files</Filter>
    </ClCompile>
    <ClCompile Include="Control_FadePreview.cpp">
      <Filter>Source Files</Filter>
    </ClCompile>
    <ClCompile Include="Widget_Strobe_Options.cpp">
      <Filter>Source Files</Filter>
    </ClCompile>
    <ClCompile Include="Widget_Pointer_Options.cpp">
      <Filter>Source Files</Filter>
    </ClCompile>
    <ClCompile Include="Control_GroupBox.cpp">
      <Filter>Source Files</Filter>
    </ClCompile>
    <ClCompile Include="Timeline_Direct2DRenderer_Native.cpp">
      <Filter>Source Files</Filter>
    </ClCompile>
    <ClCompile Include="Timeline_Direct2DRenderer.cpp">
      <Filter>Source Files</Filter>
    </ClCompile>
    <ClCompile Include="Performance_Monitor.cpp">
      <Filter>Source Files</Filter>
    </ClCompile>
    <ClCompile Include="MIDI_Exporter.cpp">
      <Filter>Source Files</Filter>
    </ClCompile>
    <ClCompile Include="Timeline_Command_Manager.cpp">
      <Filter>Source Files</Filter>
    </ClCompile>
    <ClCompile Include="Form_Loading.cpp">
      <Filter>Source Files</Filter>
    </ClCompile>
    <ClCompile Include="Control_ProgressBar.cpp">
      <Filter>Source Files</Filter>
    </ClCompile>
  </ItemGroup>
  <ItemGroup>
    <Image Include="app.ico">
      <Filter>Resource Files</Filter>
    </Image>
  </ItemGroup>
  <ItemGroup>
    <EmbeddedResource Include="Icons.resx">
      <Filter>Resource Files</Filter>
    </EmbeddedResource>
  </ItemGroup>
  <ItemGroup>
    <None Include="app.config" />
    <None Include="MIDI_Light_Drawer.targets" />
  </ItemGroup>
</Project>